# This file is automatically @generated by Cargo.
# It is not intended for manual editing.
[[package]]
name = "bogus-owner"
version = "0.1.0"

[[package]]
name = "bogus-repo"
version = "0.1.0"

[[package]]
name = "client-package"
version = "0.1.0"
dependencies = [
 "bogus-owner",
 "bogus-repo",
 "funding-test",
]

[[package]]
name = "funding-test"
version = "0.1.0"
